
Microsoft Visual Studio Solution File, Format Version 12.00
# Visual Studio Version 16
VisualStudioVersion = 16.0.31205.134
MinimumVisualStudioVersion = 10.0.40219.1
Project("{FAE04EC0-301F-11D3-BF4B-00C04F79EFBC}") = "AgileProject", "AgileProject\AgileProject.csproj", "{67DAF85C-5E87-437E-8C72-54E173B3E8FB}"
EndProject
Project("{FAE04EC0-301F-11D3-BF4B-00C04F79EFBC}") = "AgileProject.Tests", "AgileProject.Tests\AgileProject.Tests.csproj", "{0DCCFA70-07BB-449C-8C85-AA6F9E3AF07E}"
EndProject
Project("{FAE04EC0-301F-11D3-BF4B-00C04F79EFBC}") = "AgileProject.Data", "AgileProject.Data\AgileProject.Data.csproj", "{E155CBE0-6301-4967-90D1-7285F1AD47DC}"
EndProject
Project("{FAE04EC0-301F-11D3-BF4B-00C04F79EFBC}") = "AgileProject.Models", "AgileProject.Models\AgileProject.Models.csproj", "{7630B7D0-9EB6-4A91-A6B7-F65769B84577}"
EndProject
Project("{FAE04EC0-301F-11D3-BF4B-00C04F79EFBC}") = "AgileProject.Services", "AgileProject.Services\AgileProject.Services.csproj", "{CF5BD18A-74A8-46F9-9344-CCF4F7696B0E}"
EndProject
Global
	GlobalSection(SolutionConfigurationPlatforms) = preSolution
		Debug|Any CPU = Debug|Any CPU
		Release|Any CPU = Release|Any CPU
	EndGlobalSection
	GlobalSection(ProjectConfigurationPlatforms) = postSolution
		{67DAF85C-5E87-437E-8C72-54E173B3E8FB}.Debug|Any CPU.ActiveCfg = Debug|Any CPU
		{67DAF85C-5E87-437E-8C72-54E173B3E8FB}.Debug|Any CPU.Build.0 = Debug|Any CPU
		{67DAF85C-5E87-437E-8C72-54E173B3E8FB}.Release|Any CPU.ActiveCfg = Release|Any CPU
		{67DAF85C-5E87-437E-8C72-54E173B3E8FB}.Release|Any CPU.Build.0 = Release|Any CPU
		{0DCCFA70-07BB-449C-8C85-AA6F9E3AF07E}.Debug|Any CPU.ActiveCfg = Debug|Any CPU
		{0DCCFA70-07BB-449C-8C85-AA6F9E3AF07E}.Debug|Any CPU.Build.0 = Debug|Any CPU
		{0DCCFA70-07BB-449C-8C85-AA6F9E3AF07E}.Release|Any CPU.ActiveCfg = Release|Any CPU
		{0DCCFA70-07BB-449C-8C85-AA6F9E3AF07E}.Release|Any CPU.Build.0 = Release|Any CPU
		{E155CBE0-6301-4967-90D1-7285F1AD47DC}.Debug|Any CPU.ActiveCfg = Debug|Any CPU
		{E155CBE0-6301-4967-90D1-7285F1AD47DC}.Debug|Any CPU.Build.0 = Debug|Any CPU
		{E155CBE0-6301-4967-90D1-7285F1AD47DC}.Release|Any CPU.ActiveCfg = Release|Any CPU
		{E155CBE0-6301-4967-90D1-7285F1AD47DC}.Release|Any CPU.Build.0 = Release|Any CPU
		{7630B7D0-9EB6-4A91-A6B7-F65769B84577}.Debug|Any CPU.ActiveCfg = Debug|Any CPU
		{7630B7D0-9EB6-4A91-A6B7-F65769B84577}.Debug|Any CPU.Build.0 = Debug|Any CPU
		{7630B7D0-9EB6-4A91-A6B7-F65769B84577}.Release|Any CPU.ActiveCfg = Release|Any CPU
		{7630B7D0-9EB6-4A91-A6B7-F65769B84577}.Release|Any CPU.Build.0 = Release|Any CPU
		{CF5BD18A-74A8-46F9-9344-CCF4F7696B0E}.Debug|Any CPU.ActiveCfg = Debug|Any CPU
		{CF5BD18A-74A8-46F9-9344-CCF4F7696B0E}.Debug|Any CPU.Build.0 = Debug|Any CPU
		{CF5BD18A-74A8-46F9-9344-CCF4F7696B0E}.Release|Any CPU.ActiveCfg = Release|Any CPU
		{CF5BD18A-74A8-46F9-9344-CCF4F7696B0E}.Release|Any CPU.Build.0 = Release|Any CPU
	EndGlobalSection
	GlobalSection(SolutionProperties) = preSolution
		HideSolutionNode = FALSE
	EndGlobalSection
	GlobalSection(ExtensibilityGlobals) = postSolution
		SolutionGuid = {934EC019-E6F7-4D89-8456-590FB78CECC1}
	EndGlobalSection
EndGlobal
